
Microsoft Visual Studio Solution File, Format Version 12.00
# Visual Studio Version 16
VisualStudioVersion = 16.0.30503.244
MinimumVisualStudioVersion = 10.0.40219.1
Project("{FAE04EC0-301F-11D3-BF4B-00C04F79EFBC}") = "RPL_Client", "RPL_Client\RPL_Client.csproj", "{4F5C4866-72AB-4297-A9EA-093974CC553C}"
EndProject
Global
	GlobalSection(SolutionConfigurationPlatforms) = preSolution
		Debug|Any CPU = Debug|Any CPU
		Release|Any CPU = Release|Any CPU
	EndGlobalSection
	GlobalSection(ProjectConfigurationPlatforms) = postSolution
		{4F5C4866-72AB-4297-A9EA-093974CC553C}.Debug|Any CPU.ActiveCfg = Debug|Any CPU
		{4F5C4866-72AB-4297-A9EA-093974CC553C}.Debug|Any CPU.Build.0 = Debug|Any CPU
		{4F5C4866-72AB-4297-A9EA-093974CC553C}.Release|Any CPU.ActiveCfg = Release|Any CPU
		{4F5C4866-72AB-4297-A9EA-093974CC553C}.Release|Any CPU.Build.0 = Release|Any CPU
	EndGlobalSection
	GlobalSection(SolutionProperties) = preSolution
		HideSolutionNode = FALSE
	EndGlobalSection
	GlobalSection(ExtensibilityGlobals) = postSolution
		SolutionGuid = {A9C3E738-AB01-4EBA-98FB-57145CA8A10E}
	EndGlobalSection
EndGlobal
